
Microsoft Visual Studio Solution File, Format Version 12.00
# Visual Studio Version 17
VisualStudioVersion = 17.11.35327.3
MinimumVisualStudioVersion = 10.0.40219.1
Project("{FAE04EC0-301F-11D3-BF4B-00C04F79EFBC}") = "Simulator", "Simulator\Simulator.csproj", "{BEA0E3DF-3FE8-4F1D-9AE5-A40E3927E02F}"
EndProject
Global
	GlobalSection(SolutionConfigurationPlatforms) = preSolution
		Debug|Any CPU = Debug|Any CPU
		Release|Any CPU = Release|Any CPU
	EndGlobalSection
	GlobalSection(ProjectConfigurationPlatforms) = postSolution
		{BEA0E3DF-3FE8-4F1D-9AE5-A40E3927E02F}.Debug|Any CPU.ActiveCfg = Debug|Any CPU
		{BEA0E3DF-3FE8-4F1D-9AE5-A40E3927E02F}.Debug|Any CPU.Build.0 = Debug|Any CPU
		{BEA0E3DF-3FE8-4F1D-9AE5-A40E3927E02F}.Release|Any CPU.ActiveCfg = Release|Any CPU
		{BEA0E3DF-3FE8-4F1D-9AE5-A40E3927E02F}.Release|Any CPU.Build.0 = Release|Any CPU
	EndGlobalSection
	GlobalSection(SolutionProperties) = preSolution
		HideSolutionNode = FALSE
	EndGlobalSection
	GlobalSection(ExtensibilityGlobals) = postSolution
		SolutionGuid = {D114A486-A29C-4D3B-B571-1082CC77159F}
	EndGlobalSection
EndGlobal
