
Microsoft Visual Studio Solution File, Format Version 12.00
# Visual Studio Version 17
VisualStudioVersion = 17.11.35327.3
MinimumVisualStudioVersion = 10.0.40219.1
Project("{9A19103F-16F7-4668-BE54-9A1E7A4F7556}") = "Simulator", "Simulator\Simulator.csproj", "{BEA0E3DF-3FE8-4F1D-9AE5-A40E3927E02F}"
EndProject
Project("{FAE04EC0-301F-11D3-BF4B-00C04F79EFBC}") = "Runner", "Runner\Runner.csproj", "{F837FF87-4E10-4570-A0DE-5D64CEDAD1E8}"
EndProject
Project("{FAE04EC0-301F-11D3-BF4B-00C04F79EFBC}") = "TestSimulator", "TestSimulator\TestSimulator.csproj", "{FFD22D67-C28F-497D-827F-C6C33346F9AD}"
EndProject
Project("{FAE04EC0-301F-11D3-BF4B-00C04F79EFBC}") = "SimConsole", "SimConsole\SimConsole.csproj", "{0B612758-0272-482C-B636-75745B952642}"
EndProject
Global
	GlobalSection(SolutionConfigurationPlatforms) = preSolution
		Debug|Any CPU = Debug|Any CPU
		Release|Any CPU = Release|Any CPU
	EndGlobalSection
	GlobalSection(ProjectConfigurationPlatforms) = postSolution
		{BEA0E3DF-3FE8-4F1D-9AE5-A40E3927E02F}.Debug|Any CPU.ActiveCfg = Debug|Any CPU
		{BEA0E3DF-3FE8-4F1D-9AE5-A40E3927E02F}.Debug|Any CPU.Build.0 = Debug|Any CPU
		{BEA0E3DF-3FE8-4F1D-9AE5-A40E3927E02F}.Release|Any CPU.ActiveCfg = Release|Any CPU
		{BEA0E3DF-3FE8-4F1D-9AE5-A40E3927E02F}.Release|Any CPU.Build.0 = Release|Any CPU
		{F837FF87-4E10-4570-A0DE-5D64CEDAD1E8}.Debug|Any CPU.ActiveCfg = Debug|Any CPU
		{F837FF87-4E10-4570-A0DE-5D64CEDAD1E8}.Debug|Any CPU.Build.0 = Debug|Any CPU
		{F837FF87-4E10-4570-A0DE-5D64CEDAD1E8}.Release|Any CPU.ActiveCfg = Release|Any CPU
		{F837FF87-4E10-4570-A0DE-5D64CEDAD1E8}.Release|Any CPU.Build.0 = Release|Any CPU
		{FFD22D67-C28F-497D-827F-C6C33346F9AD}.Debug|Any CPU.ActiveCfg = Debug|Any CPU
		{FFD22D67-C28F-497D-827F-C6C33346F9AD}.Debug|Any CPU.Build.0 = Debug|Any CPU
		{FFD22D67-C28F-497D-827F-C6C33346F9AD}.Release|Any CPU.ActiveCfg = Release|Any CPU
		{FFD22D67-C28F-497D-827F-C6C33346F9AD}.Release|Any CPU.Build.0 = Release|Any CPU
		{0B612758-0272-482C-B636-75745B952642}.Debug|Any CPU.ActiveCfg = Debug|Any CPU
		{0B612758-0272-482C-B636-75745B952642}.Debug|Any CPU.Build.0 = Debug|Any CPU
		{0B612758-0272-482C-B636-75745B952642}.Release|Any CPU.ActiveCfg = Release|Any CPU
		{0B612758-0272-482C-B636-75745B952642}.Release|Any CPU.Build.0 = Release|Any CPU
	EndGlobalSection
	GlobalSection(SolutionProperties) = preSolution
		HideSolutionNode = FALSE
	EndGlobalSection
	GlobalSection(ExtensibilityGlobals) = postSolution
		SolutionGuid = {D114A486-A29C-4D3B-B571-1082CC77159F}
	EndGlobalSection
EndGlobal
